
Microsoft Visual Studio Solution File, Format Version 12.00
# Visual Studio Version 17
VisualStudioVersion = 17.6.33723.286
MinimumVisualStudioVersion = 10.0.40219.1
Project("{FAE04EC0-301F-11D3-BF4B-00C04F79EFBC}") = "CopyGroup", "CopyGroup\CopyGroup.csproj", "{89781A25-3CC1-4E9C-87A9-DCDB0165E026}"
EndProject
Global
	GlobalSection(SolutionConfigurationPlatforms) = preSolution
		Debug|Any CPU = Debug|Any CPU
		Release|Any CPU = Release|Any CPU
	EndGlobalSection
	GlobalSection(ProjectConfigurationPlatforms) = postSolution
		{89781A25-3CC1-4E9C-87A9-DCDB0165E026}.Debug|Any CPU.ActiveCfg = Debug|Any CPU
		{89781A25-3CC1-4E9C-87A9-DCDB0165E026}.Debug|Any CPU.Build.0 = Debug|Any CPU
		{89781A25-3CC1-4E9C-87A9-DCDB0165E026}.Release|Any CPU.ActiveCfg = Release|Any CPU
		{89781A25-3CC1-4E9C-87A9-DCDB0165E026}.Release|Any CPU.Build.0 = Release|Any CPU
	EndGlobalSection
	GlobalSection(SolutionProperties) = preSolution
		HideSolutionNode = FALSE
	EndGlobalSection
	GlobalSection(ExtensibilityGlobals) = postSolution
		SolutionGuid = {B7EC7FC4-6875-4322-B499-68F65B06D93A}
	EndGlobalSection
EndGlobal
